dependencies:
- name: bcc-ui-chart
  repository: https://pongsathorn-ph.github.io/bcc-ui/helm-chart/
  version: 2024.03.00-0004-ALPHA
- name: bcc-api-chart
  repository: https://pongsathorn-ph.github.io/bcc-api/helm-chart/
  version: 2024.03.00-0003-ALPHA
digest: sha256:992c1b13ae4437374459cbf4519e08756629c4c8eb88d90c3d60a5d0dfad7488
generated: "2024-03-05T06:46:49.253832122Z"
